
Microsoft Visual Studio Solution File, Format Version 12.00
# Visual Studio 14
VisualStudioVersion = 14.0.23107.0
MinimumVisualStudioVersion = 10.0.40219.1
Project("{FAE04EC0-301F-11D3-BF4B-00C04F79EFBC}") = "VoatHub", "VoatHub\VoatHub.csproj", "{2713E009-E1C9-4898-8B4B-5019451A24AF}"
EndProject
Project("{FAE04EC0-301F-11D3-BF4B-00C04F79EFBC}") = "VoatHubTests", "VoatHubTests\VoatHubTests.csproj", "{6EB87D5B-2DAC-4BC3-AA49-C4713E0ED135}"
EndProject
Global
	GlobalSection(SolutionConfigurationPlatforms) = preSolution
		Debug|Any CPU = Debug|Any CPU
		Debug|ARM = Debug|ARM
		Debug|x64 = Debug|x64
		Debug|x86 = Debug|x86
		Release|Any CPU = Release|Any CPU
		Release|ARM = Release|ARM
		Release|x64 = Release|x64
		Release|x86 = Release|x86
	EndGlobalSection
	GlobalSection(ProjectConfigurationPlatforms) = postSolution
		{2713E009-E1C9-4898-8B4B-5019451A24AF}.Debug|Any CPU.ActiveCfg = Debug|x86
		{2713E009-E1C9-4898-8B4B-5019451A24AF}.Debug|Any CPU.Build.0 = Debug|x86
		{2713E009-E1C9-4898-8B4B-5019451A24AF}.Debug|Any CPU.Deploy.0 = Debug|x86
		{2713E009-E1C9-4898-8B4B-5019451A24AF}.Debug|ARM.ActiveCfg = Debug|ARM
		{2713E009-E1C9-4898-8B4B-5019451A24AF}.Debug|ARM.Build.0 = Debug|ARM
		{2713E009-E1C9-4898-8B4B-5019451A24AF}.Debug|ARM.Deploy.0 = Debug|ARM
		{2713E009-E1C9-4898-8B4B-5019451A24AF}.Debug|x64.ActiveCfg = Debug|x64
		{2713E009-E1C9-4898-8B4B-5019451A24AF}.Debug|x64.Build.0 = Debug|x64
		{2713E009-E1C9-4898-8B4B-5019451A24AF}.Debug|x64.Deploy.0 = Debug|x64
		{2713E009-E1C9-4898-8B4B-5019451A24AF}.Debug|x86.ActiveCfg = Debug|x86
		{2713E009-E1C9-4898-8B4B-5019451A24AF}.Debug|x86.Build.0 = Debug|x86
		{2713E009-E1C9-4898-8B4B-5019451A24AF}.Debug|x86.Deploy.0 = Debug|x86
		{2713E009-E1C9-4898-8B4B-5019451A24AF}.Release|Any CPU.ActiveCfg = Release|x86
		{2713E009-E1C9-4898-8B4B-5019451A24AF}.Release|ARM.ActiveCfg = Release|ARM
		{2713E009-E1C9-4898-8B4B-5019451A24AF}.Release|ARM.Build.0 = Release|ARM
		{2713E009-E1C9-4898-8B4B-5019451A24AF}.Release|ARM.Deploy.0 = Release|ARM
		{2713E009-E1C9-4898-8B4B-5019451A24AF}.Release|x64.ActiveCfg = Release|x64
		{2713E009-E1C9-4898-8B4B-5019451A24AF}.Release|x64.Build.0 = Release|x64
		{2713E009-E1C9-4898-8B4B-5019451A24AF}.Release|x64.Deploy.0 = Release|x64
		{2713E009-E1C9-4898-8B4B-5019451A24AF}.Release|x86.ActiveCfg = Release|x86
		{2713E009-E1C9-4898-8B4B-5019451A24AF}.Release|x86.Build.0 = Release|x86
		{2713E009-E1C9-4898-8B4B-5019451A24AF}.Release|x86.Deploy.0 = Release|x86
		{6EB87D5B-2DAC-4BC3-AA49-C4713E0ED135}.Debug|Any CPU.ActiveCfg = Debug|x86
		{6EB87D5B-2DAC-4BC3-AA49-C4713E0ED135}.Debug|Any CPU.Build.0 = Debug|x86
		{6EB87D5B-2DAC-4BC3-AA49-C4713E0ED135}.Debug|Any CPU.Deploy.0 = Debug|x86
		{6EB87D5B-2DAC-4BC3-AA49-C4713E0ED135}.Debug|ARM.ActiveCfg = Debug|ARM
		{6EB87D5B-2DAC-4BC3-AA49-C4713E0ED135}.Debug|ARM.Build.0 = Debug|ARM
		{6EB87D5B-2DAC-4BC3-AA49-C4713E0ED135}.Debug|ARM.Deploy.0 = Debug|ARM
		{6EB87D5B-2DAC-4BC3-AA49-C4713E0ED135}.Debug|x64.ActiveCfg = Debug|x64
		{6EB87D5B-2DAC-4BC3-AA49-C4713E0ED135}.Debug|x64.Build.0 = Debug|x64
		{6EB87D5B-2DAC-4BC3-AA49-C4713E0ED135}.Debug|x64.Deploy.0 = Debug|x64
		{6EB87D5B-2DAC-4BC3-AA49-C4713E0ED135}.Debug|x86.ActiveCfg = Debug|x86
		{6EB87D5B-2DAC-4BC3-AA49-C4713E0ED135}.Debug|x86.Build.0 = Debug|x86
		{6EB87D5B-2DAC-4BC3-AA49-C4713E0ED135}.Debug|x86.Deploy.0 = Debug|x86
		{6EB87D5B-2DAC-4BC3-AA49-C4713E0ED135}.Release|Any CPU.ActiveCfg = Release|x86
		{6EB87D5B-2DAC-4BC3-AA49-C4713E0ED135}.Release|ARM.ActiveCfg = Release|ARM
		{6EB87D5B-2DAC-4BC3-AA49-C4713E0ED135}.Release|ARM.Build.0 = Release|ARM
		{6EB87D5B-2DAC-4BC3-AA49-C4713E0ED135}.Release|ARM.Deploy.0 = Release|ARM
		{6EB87D5B-2DAC-4BC3-AA49-C4713E0ED135}.Release|x64.ActiveCfg = Release|x64
		{6EB87D5B-2DAC-4BC3-AA49-C4713E0ED135}.Release|x64.Build.0 = Release|x64
		{6EB87D5B-2DAC-4BC3-AA49-C4713E0ED135}.Release|x64.Deploy.0 = Release|x64
		{6EB87D5B-2DAC-4BC3-AA49-C4713E0ED135}.Release|x86.ActiveCfg = Release|x86
		{6EB87D5B-2DAC-4BC3-AA49-C4713E0ED135}.Release|x86.Build.0 = Release|x86
		{6EB87D5B-2DAC-4BC3-AA49-C4713E0ED135}.Release|x86.Deploy.0 = Release|x86
	EndGlobalSection
	GlobalSection(SolutionProperties) = preSolution
		HideSolutionNode = FALSE
	EndGlobalSection
EndGlobal
